// !$*UTF8*$!
{
	archiveVersion = 1;
	classes = {
	};
	objectVersion = 48;
	objects = {

/* Begin PBXBuildFile section */
		4CF2170B3019D6E3F09456D1 /* Pods_careDirect.framework in Frameworks */ = {isa = PBXBuildFile; fileRef = CA9A40FD6E98B2F46B411A43 /* Pods_careDirect.framework */; };
		AB08B24220A2317E004BE076 /* ScreenerResultsVC.swift in Sources */ = {isa = PBXBuildFile; fileRef = AB08B24120A2317E004BE076 /* ScreenerResultsVC.swift */; };
		AB08B24620A4F8F8004BE076 /* ResourceDetailVC.swift in Sources */ = {isa = PBXBuildFile; fileRef = AB08B24520A4F8F8004BE076 /* ResourceDetailVC.swift */; };
		AB0DF94E209A580A00FD24C2 /* QuestionsVC.swift in Sources */ = {isa = PBXBuildFile; fileRef = AB0DF94D209A580A00FD24C2 /* QuestionsVC.swift */; };
		AB0DF950209A736600FD24C2 /* QuestionGroup.swift in Sources */ = {isa = PBXBuildFile; fileRef = AB0DF94F209A736600FD24C2 /* QuestionGroup.swift */; };
		AB0DF952209A73DA00FD24C2 /* ScreenerQuestion.swift in Sources */ = {isa = PBXBuildFile; fileRef = AB0DF951209A73DA00FD24C2 /* ScreenerQuestion.swift */; };
		AB0DF954209CF69C00FD24C2 /* QuestionVC.swift in Sources */ = {isa = PBXBuildFile; fileRef = AB0DF953209CF69C00FD24C2 /* QuestionVC.swift */; };
		AB0DF956209CFC4D00FD24C2 /* QuestionModel.swift in Sources */ = {isa = PBXBuildFile; fileRef = AB0DF955209CFC4D00FD24C2 /* QuestionModel.swift */; };
		AB0DF958209E7A5900FD24C2 /* AccountVC.swift in Sources */ = {isa = PBXBuildFile; fileRef = AB0DF957209E7A5800FD24C2 /* AccountVC.swift */; };
		AB0DF95A209EE07B00FD24C2 /* User.swift in Sources */ = {isa = PBXBuildFile; fileRef = AB0DF959209EE07B00FD24C2 /* User.swift */; };
		AB1295E02087317A00112233 /* PinModel.swift in Sources */ = {isa = PBXBuildFile; fileRef = AB1295DF2087317A00112233 /* PinModel.swift */; };
		AB1295E2208C223500112233 /* ResorcesVC.swift in Sources */ = {isa = PBXBuildFile; fileRef = AB1295E1208C223500112233 /* ResorcesVC.swift */; };
		AB1295E4208C242100112233 /* ResorcesModel.swift in Sources */ = {isa = PBXBuildFile; fileRef = AB1295E3208C242100112233 /* ResorcesModel.swift */; };
		AB1295E6208C274100112233 /* ResourceTableViewCell.swift in Sources */ = {isa = PBXBuildFile; fileRef = AB1295E5208C274100112233 /* ResourceTableViewCell.swift */; };
		AB1295E8208D6BCC00112233 /* OrganizationTableViewCell.swift in Sources */ = {isa = PBXBuildFile; fileRef = AB1295E7208D6BCC00112233 /* OrganizationTableViewCell.swift */; };
		AB1295EA208D6C1000112233 /* OrganizationModel.swift in Sources */ = {isa = PBXBuildFile; fileRef = AB1295E9208D6C1000112233 /* OrganizationModel.swift */; };
		AB1295EE208DCD6900112233 /* TrainerModel.swift in Sources */ = {isa = PBXBuildFile; fileRef = AB1295ED208DCD6900112233 /* TrainerModel.swift */; };
		AB1295F0208DCF6000112233 /* TrainerTableViewCell.swift in Sources */ = {isa = PBXBuildFile; fileRef = AB1295EF208DCF6000112233 /* TrainerTableViewCell.swift */; };
		AB2EF66120709EFE00A8BD7A /* DetailsModel.swift in Sources */ = {isa = PBXBuildFile; fileRef = AB2EF66020709EFE00A8BD7A /* DetailsModel.swift */; };
		AB2EF6632070A6B600A8BD7A /* DetailsViewController.swift in Sources */ = {isa = PBXBuildFile; fileRef = AB2EF6622070A6B600A8BD7A /* DetailsViewController.swift */; };
		AB2EF66620717BF800A8BD7A /* DetailsTableViewCell.swift in Sources */ = {isa = PBXBuildFile; fileRef = AB2EF66420717BF800A8BD7A /* DetailsTableViewCell.swift */; };
		AB2EF66720717BF800A8BD7A /* DetailsTableViewCell.xib in Resources */ = {isa = PBXBuildFile; fileRef = AB2EF66520717BF800A8BD7A /* DetailsTableViewCell.xib */; };
		AB2EF66B2072D8DA00A8BD7A /* .gitignore in Resources */ = {isa = PBXBuildFile; fileRef = AB2EF66A2072D8DA00A8BD7A /* .gitignore */; };
		AB2EF66D2078876700A8BD7A /* ListTableViewCell.swift in Sources */ = {isa = PBXBuildFile; fileRef = AB2EF66C2078876700A8BD7A /* ListTableViewCell.swift */; };
		AB405D9F2042A5A300B389B3 /* EventsVC.swift in Sources */ = {isa = PBXBuildFile; fileRef = AB405D9E2042A5A300B389B3 /* EventsVC.swift */; };
		AB405DA32043802A00B389B3 /* ListVC.swift in Sources */ = {isa = PBXBuildFile; fileRef = AB405DA12043802A00B389B3 /* ListVC.swift */; };
		AB405DA72043807300B389B3 /* MapVC.swift in Sources */ = {isa = PBXBuildFile; fileRef = AB405DA52043807300B389B3 /* MapVC.swift */; };
		AB405DA82043807300B389B3 /* MapVC.xib in Resources */ = {isa = PBXBuildFile; fileRef = AB405DA62043807300B389B3 /* MapVC.xib */; };
		AB405DAB2044AD4800B389B3 /* AddEventVC.swift in Sources */ = {isa = PBXBuildFile; fileRef = AB405DAA2044AD4800B389B3 /* AddEventVC.swift */; };
		AB405DAD2047789A00B389B3 /* ViewControllerTableViewCell.swift in Sources */ = {isa = PBXBuildFile; fileRef = AB405DAC2047789A00B389B3 /* ViewControllerTableViewCell.swift */; };
		AB405DAF20477D1E00B389B3 /* EventModel.swift in Sources */ = {isa = PBXBuildFile; fileRef = AB405DAE20477D1E00B389B3 /* EventModel.swift */; };
		AB5733262096A07300163B63 /* ResetPasswordVC.swift in Sources */ = {isa = PBXBuildFile; fileRef = AB5733252096A07300163B63 /* ResetPasswordVC.swift */; };
		AB5733282096B32000163B63 /* ChangeEmailVC.swift in Sources */ = {isa = PBXBuildFile; fileRef = AB5733272096B32000163B63 /* ChangeEmailVC.swift */; };
		AB597A08202BAE3C00E3FE2E /* AppDelegate.swift in Sources */ = {isa = PBXBuildFile; fileRef = AB597A07202BAE3C00E3FE2E /* AppDelegate.swift */; };
		AB597A0D202BAE3C00E3FE2E /* Main.storyboard in Resources */ = {isa = PBXBuildFile; fileRef = AB597A0B202BAE3C00E3FE2E /* Main.storyboard */; };
		AB597A0F202BAE3C00E3FE2E /* Assets.xcassets in Resources */ = {isa = PBXBuildFile; fileRef = AB597A0E202BAE3C00E3FE2E /* Assets.xcassets */; };
		AB597A12202BAE3C00E3FE2E /* LaunchScreen.storyboard in Resources */ = {isa = PBXBuildFile; fileRef = AB597A10202BAE3C00E3FE2E /* LaunchScreen.storyboard */; };
		AB597A1A202BC7A100E3FE2E /* GoogleService-Info.plist in Resources */ = {isa = PBXBuildFile; fileRef = AB597A19202BC7A100E3FE2E /* GoogleService-Info.plist */; };
		AB597A2220319E4E00E3FE2E /* data.json in Resources */ = {isa = PBXBuildFile; fileRef = AB597A2120319E4E00E3FE2E /* data.json */; };
		AB894189206B736100431B06 /* MapKit.framework in Frameworks */ = {isa = PBXBuildFile; fileRef = AB894188206B736100431B06 /* MapKit.framework */; };
		ABB8301220A8FBD50035312B /* OnboardingViewClass.swift in Sources */ = {isa = PBXBuildFile; fileRef = ABB8301020A8FBD40035312B /* OnboardingViewClass.swift */; };
		ABB8301320A8FBD50035312B /* Onboarding.swift in Sources */ = {isa = PBXBuildFile; fileRef = ABB8301120A8FBD50035312B /* Onboarding.swift */; };
		ABB8301520A95FB20035312B /* PrivacyVC.swift in Sources */ = {isa = PBXBuildFile; fileRef = ABB8301420A95FB20035312B /* PrivacyVC.swift */; };
		ABB8301720AA2FC70035312B /* TabBarViewController.swift in Sources */ = {isa = PBXBuildFile; fileRef = ABB8301620AA2FC70035312B /* TabBarViewController.swift */; };
		ABD0DECD207C1370005C9432 /* AlertController.swift in Sources */ = {isa = PBXBuildFile; fileRef = ABD0DECC207C136F005C9432 /* AlertController.swift */; };
		ABD0DECF207C171A005C9432 /* EventViewController.swift in Sources */ = {isa = PBXBuildFile; fileRef = ABD0DECE207C171A005C9432 /* EventViewController.swift */; };
		ABD0DED1207C1767005C9432 /* SignInVC.swift in Sources */ = {isa = PBXBuildFile; fileRef = ABD0DED0207C1767005C9432 /* SignInVC.swift */; };
		ABD0DED3207C17C0005C9432 /* SignUpVC.swift in Sources */ = {isa = PBXBuildFile; fileRef = ABD0DED2207C17C0005C9432 /* SignUpVC.swift */; };
		ABD0DED5207E0F7D005C9432 /* PinView.xib in Resources */ = {isa = PBXBuildFile; fileRef = ABD0DED4207E0F7D005C9432 /* PinView.xib */; };
		ABD0DED7207E15F0005C9432 /* PinView.swift in Sources */ = {isa = PBXBuildFile; fileRef = ABD0DED6207E15F0005C9432 /* PinView.swift */; };
		ABD0DEEA2084A12B005C9432 /* ScreeningVC.swift in Sources */ = {isa = PBXBuildFile; fileRef = ABD0DEE92084A12B005C9432 /* ScreeningVC.swift */; };
		ABE720012054C9AC00C23F58 /* TrainingVC.swift in Sources */ = {isa = PBXBuildFile; fileRef = ABE720002054C9AC00C23F58 /* TrainingVC.swift */; };
		ABE720032054CA3D00C23F58 /* MessageUI.framework in Frameworks */ = {isa = PBXBuildFile; fileRef = ABE720022054CA3D00C23F58 /* MessageUI.framework */; };
/* End PBXBuildFile section */

/* Begin PBXFileReference section */
		7F3573DAC6418FE182944D36 /* Pods-careDirect.release.xcconfig */ = {isa = PBXFileReference; includeInIndex = 1; lastKnownFileType = text.xcconfig; name = "Pods-careDirect.release.xcconfig"; path = "Pods/Target Support Files/Pods-careDirect/Pods-careDirect.release.xcconfig"; sourceTree = "<group>"; };
		AB08B24120A2317E004BE076 /* ScreenerResultsVC.swift */ = {isa = PBXFileReference; lastKnownFileType = sourcecode.swift; path = ScreenerResultsVC.swift; sourceTree = "<group>"; };
		AB08B24520A4F8F8004BE076 /* ResourceDetailVC.swift */ = {isa = PBXFileReference; lastKnownFileType = sourcecode.swift; path = ResourceDetailVC.swift; sourceTree = "<group>"; };
		AB0DF94D209A580A00FD24C2 /* QuestionsVC.swift */ = {isa = PBXFileReference; lastKnownFileType = sourcecode.swift; path = QuestionsVC.swift; sourceTree = "<group>"; };
		AB0DF94F209A736600FD24C2 /* QuestionGroup.swift */ = {isa = PBXFileReference; lastKnownFileType = sourcecode.swift; path = QuestionGroup.swift; sourceTree = "<group>"; };
		AB0DF951209A73DA00FD24C2 /* ScreenerQuestion.swift */ = {isa = PBXFileReference; lastKnownFileType = sourcecode.swift; path = ScreenerQuestion.swift; sourceTree = "<group>"; };
		AB0DF953209CF69C00FD24C2 /* QuestionVC.swift */ = {isa = PBXFileReference; lastKnownFileType = sourcecode.swift; path = QuestionVC.swift; sourceTree = "<group>"; };
		AB0DF955209CFC4D00FD24C2 /* QuestionModel.swift */ = {isa = PBXFileReference; lastKnownFileType = sourcecode.swift; path = QuestionModel.swift; sourceTree = "<group>"; };
		AB0DF957209E7A5800FD24C2 /* AccountVC.swift */ = {isa = PBXFileReference; lastKnownFileType = sourcecode.swift; path = AccountVC.swift; sourceTree = "<group>"; };
		AB0DF959209EE07B00FD24C2 /* User.swift */ = {isa = PBXFileReference; lastKnownFileType = sourcecode.swift; path = User.swift; sourceTree = "<group>"; };
		AB1295DF2087317A00112233 /* PinModel.swift */ = {isa = PBXFileReference; lastKnownFileType = sourcecode.swift; path = PinModel.swift; sourceTree = "<group>"; };
		AB1295E1208C223500112233 /* ResorcesVC.swift */ = {isa = PBXFileReference; lastKnownFileType = sourcecode.swift; path = ResorcesVC.swift; sourceTree = "<group>"; };
		AB1295E3208C242100112233 /* ResorcesModel.swift */ = {isa = PBXFileReference; lastKnownFileType = sourcecode.swift; path = ResorcesModel.swift; sourceTree = "<group>"; };
		AB1295E5208C274100112233 /* ResourceTableViewCell.swift */ = {isa = PBXFileReference; lastKnownFileType = sourcecode.swift; path = ResourceTableViewCell.swift; sourceTree = "<group>"; };
		AB1295E7208D6BCC00112233 /* OrganizationTableViewCell.swift */ = {isa = PBXFileReference; lastKnownFileType = sourcecode.swift; path = OrganizationTableViewCell.swift; sourceTree = "<group>"; };
		AB1295E9208D6C1000112233 /* OrganizationModel.swift */ = {isa = PBXFileReference; lastKnownFileType = sourcecode.swift; path = OrganizationModel.swift; sourceTree = "<group>"; };
		AB1295ED208DCD6900112233 /* TrainerModel.swift */ = {isa = PBXFileReference; lastKnownFileType = sourcecode.swift; path = TrainerModel.swift; sourceTree = "<group>"; };
		AB1295EF208DCF6000112233 /* TrainerTableViewCell.swift */ = {isa = PBXFileReference; lastKnownFileType = sourcecode.swift; path = TrainerTableViewCell.swift; sourceTree = "<group>"; };
		AB2EF66020709EFE00A8BD7A /* DetailsModel.swift */ = {isa = PBXFileReference; lastKnownFileType = sourcecode.swift; path = DetailsModel.swift; sourceTree = "<group>"; };
		AB2EF6622070A6B600A8BD7A /* DetailsViewController.swift */ = {isa = PBXFileReference; lastKnownFileType = sourcecode.swift; path = DetailsViewController.swift; sourceTree = "<group>"; };
		AB2EF66420717BF800A8BD7A /* DetailsTableViewCell.swift */ = {isa = PBXFileReference; lastKnownFileType = sourcecode.swift; path = DetailsTableViewCell.swift; sourceTree = "<group>"; };
		AB2EF66520717BF800A8BD7A /* DetailsTableViewCell.xib */ = {isa = PBXFileReference; lastKnownFileType = file.xib; path = DetailsTableViewCell.xib; sourceTree = "<group>"; };
		AB2EF66A2072D8DA00A8BD7A /* .gitignore */ = {isa = PBXFileReference; lastKnownFileType = text; path = .gitignore; sourceTree = "<group>"; };
		AB2EF66C2078876700A8BD7A /* ListTableViewCell.swift */ = {isa = PBXFileReference; lastKnownFileType = sourcecode.swift; path = ListTableViewCell.swift; sourceTree = "<group>"; };
		AB405D9E2042A5A300B389B3 /* EventsVC.swift */ = {isa = PBXFileReference; lastKnownFileType = sourcecode.swift; path = EventsVC.swift; sourceTree = "<group>"; };
		AB405DA12043802A00B389B3 /* ListVC.swift */ = {isa = PBXFileReference; lastKnownFileType = sourcecode.swift; path = ListVC.swift; sourceTree = "<group>"; };
		AB405DA52043807300B389B3 /* MapVC.swift */ = {isa = PBXFileReference; lastKnownFileType = sourcecode.swift; path = MapVC.swift; sourceTree = "<group>"; };
		AB405DA62043807300B389B3 /* MapVC.xib */ = {isa = PBXFileReference; lastKnownFileType = file.xib; path = MapVC.xib; sourceTree = "<group>"; };
		AB405DAA2044AD4800B389B3 /* AddEventVC.swift */ = {isa = PBXFileReference; lastKnownFileType = sourcecode.swift; path = AddEventVC.swift; sourceTree = "<group>"; };
		AB405DAC2047789A00B389B3 /* ViewControllerTableViewCell.swift */ = {isa = PBXFileReference; lastKnownFileType = sourcecode.swift; path = ViewControllerTableViewCell.swift; sourceTree = "<group>"; };
		AB405DAE20477D1E00B389B3 /* EventModel.swift */ = {isa = PBXFileReference; lastKnownFileType = sourcecode.swift; path = EventModel.swift; sourceTree = "<group>"; };
		AB5733252096A07300163B63 /* ResetPasswordVC.swift */ = {isa = PBXFileReference; lastKnownFileType = sourcecode.swift; path = ResetPasswordVC.swift; sourceTree = "<group>"; };
		AB5733272096B32000163B63 /* ChangeEmailVC.swift */ = {isa = PBXFileReference; lastKnownFileType = sourcecode.swift; path = ChangeEmailVC.swift; sourceTree = "<group>"; };
		AB597A04202BAE3B00E3FE2E /* careDirect.app */ = {isa = PBXFileReference; explicitFileType = wrapper.application; includeInIndex = 0; path = careDirect.app; sourceTree = BUILT_PRODUCTS_DIR; };
		AB597A07202BAE3C00E3FE2E /* AppDelegate.swift */ = {isa = PBXFileReference; lastKnownFileType = sourcecode.swift; path = AppDelegate.swift; sourceTree = "<group>"; };
		AB597A0C202BAE3C00E3FE2E /* Base */ = {isa = PBXFileReference; lastKnownFileType = file.storyboard; name = Base; path = Base.lproj/Main.storyboard; sourceTree = "<group>"; };
		AB597A0E202BAE3C00E3FE2E /* Assets.xcassets */ = {isa = PBXFileReference; lastKnownFileType = folder.assetcatalog; path = Assets.xcassets; sourceTree = "<group>"; };
		AB597A11202BAE3C00E3FE2E /* Base */ = {isa = PBXFileReference; lastKnownFileType = file.storyboard; name = Base; path = Base.lproj/LaunchScreen.storyboard; sourceTree = "<group>"; };
		AB597A13202BAE3C00E3FE2E /* Info.plist */ = {isa = PBXFileReference; lastKnownFileType = text.plist.xml; path = Info.plist; sourceTree = "<group>"; };
		AB597A19202BC7A100E3FE2E /* GoogleService-Info.plist */ = {isa = PBXFileReference; fileEncoding = 4; lastKnownFileType = text.plist.xml; path = "GoogleService-Info.plist"; sourceTree = "<group>"; };
		AB597A2120319E4E00E3FE2E /* data.json */ = {isa = PBXFileReference; lastKnownFileType = text.json; path = data.json; sourceTree = "<group>"; };
		AB894188206B736100431B06 /* MapKit.framework */ = {isa = PBXFileReference; lastKnownFileType = wrapper.framework; name = MapKit.framework; path = System/Library/Frameworks/MapKit.framework; sourceTree = SDKROOT; };
		ABB8301020A8FBD40035312B /* OnboardingViewClass.swift */ = {isa = PBXFileReference; fileEncoding = 4; lastKnownFileType = sourcecode.swift; path = OnboardingViewClass.swift; sourceTree = "<group>"; };
		ABB8301120A8FBD50035312B /* Onboarding.swift */ = {isa = PBXFileReference; fileEncoding = 4; lastKnownFileType = sourcecode.swift; path = Onboarding.swift; sourceTree = "<group>"; };
		ABB8301420A95FB20035312B /* PrivacyVC.swift */ = {isa = PBXFileReference; lastKnownFileType = sourcecode.swift; path = PrivacyVC.swift; sourceTree = "<group>"; };
		ABB8301620AA2FC70035312B /* TabBarViewController.swift */ = {isa = PBXFileReference; lastKnownFileType = sourcecode.swift; path = TabBarViewController.swift; sourceTree = "<group>"; };
		ABD0DECC207C136F005C9432 /* AlertController.swift */ = {isa = PBXFileReference; fileEncoding = 4; lastKnownFileType = sourcecode.swift; path = AlertController.swift; sourceTree = "<group>"; };
		ABD0DECE207C171A005C9432 /* EventViewController.swift */ = {isa = PBXFileReference; fileEncoding = 4; lastKnownFileType = sourcecode.swift; path = EventViewController.swift; sourceTree = "<group>"; };
		ABD0DED0207C1767005C9432 /* SignInVC.swift */ = {isa = PBXFileReference; fileEncoding = 4; lastKnownFileType = sourcecode.swift; path = SignInVC.swift; sourceTree = "<group>"; };
		ABD0DED2207C17C0005C9432 /* SignUpVC.swift */ = {isa = PBXFileReference; fileEncoding = 4; lastKnownFileType = sourcecode.swift; path = SignUpVC.swift; sourceTree = "<group>"; };
		ABD0DED4207E0F7D005C9432 /* PinView.xib */ = {isa = PBXFileReference; lastKnownFileType = file.xib; path = PinView.xib; sourceTree = "<group>"; };
		ABD0DED6207E15F0005C9432 /* PinView.swift */ = {isa = PBXFileReference; lastKnownFileType = sourcecode.swift; path = PinView.swift; sourceTree = "<group>"; };
		ABD0DEE92084A12B005C9432 /* ScreeningVC.swift */ = {isa = PBXFileReference; lastKnownFileType = sourcecode.swift; path = ScreeningVC.swift; sourceTree = "<group>"; };
		ABD5F36224C462EE06D6C18E /* Pods-careDirect.debug.xcconfig */ = {isa = PBXFileReference; includeInIndex = 1; lastKnownFileType = text.xcconfig; name = "Pods-careDirect.debug.xcconfig"; path = "Pods/Target Support Files/Pods-careDirect/Pods-careDirect.debug.xcconfig"; sourceTree = "<group>"; };
		ABE720002054C9AC00C23F58 /* TrainingVC.swift */ = {isa = PBXFileReference; lastKnownFileType = sourcecode.swift; path = TrainingVC.swift; sourceTree = "<group>"; };
		ABE720022054CA3D00C23F58 /* MessageUI.framework */ = {isa = PBXFileReference; lastKnownFileType = wrapper.framework; name = MessageUI.framework; path = System/Library/Frameworks/MessageUI.framework; sourceTree = SDKROOT; };
		CA9A40FD6E98B2F46B411A43 /* Pods_careDirect.framework */ = {isa = PBXFileReference; explicitFileType = wrapper.framework; includeInIndex = 0; path = Pods_careDirect.framework; sourceTree = BUILT_PRODUCTS_DIR; };
/* End PBXFileReference section */

/* Begin PBXFrameworksBuildPhase section */
		AB597A01202BAE3B00E3FE2E /* Frameworks */ = {
			isa = PBXFrameworksBuildPhase;
			buildActionMask = 2147483647;
			files = (
				AB894189206B736100431B06 /* MapKit.framework in Frameworks */,
				ABE720032054CA3D00C23F58 /* MessageUI.framework in Frameworks */,
				4CF2170B3019D6E3F09456D1 /* Pods_careDirect.framework in Frameworks */,
			);
			runOnlyForDeploymentPostprocessing = 0;
		};
/* End PBXFrameworksBuildPhase section */

/* Begin PBXGroup section */
		0A86A3CA199453D22EC2C158 /* Pods */ = {
			isa = PBXGroup;
			children = (
				ABD5F36224C462EE06D6C18E /* Pods-careDirect.debug.xcconfig */,
				7F3573DAC6418FE182944D36 /* Pods-careDirect.release.xcconfig */,
			);
			name = Pods;
			sourceTree = "<group>";
		};
		4D47563CA68647CD9090356E /* Frameworks */ = {
			isa = PBXGroup;
			children = (
				AB894188206B736100431B06 /* MapKit.framework */,
				ABE720022054CA3D00C23F58 /* MessageUI.framework */,
				CA9A40FD6E98B2F46B411A43 /* Pods_careDirect.framework */,
			);
			name = Frameworks;
			sourceTree = "<group>";
		};
		AB405DA020437F7900B389B3 /* SimpleVC */ = {
			isa = PBXGroup;
			children = (
				AB405DA12043802A00B389B3 /* ListVC.swift */,
				AB405DA52043807300B389B3 /* MapVC.swift */,
				AB405DA62043807300B389B3 /* MapVC.xib */,
				AB405DAC2047789A00B389B3 /* ViewControllerTableViewCell.swift */,
				AB2EF66420717BF800A8BD7A /* DetailsTableViewCell.swift */,
				AB2EF66520717BF800A8BD7A /* DetailsTableViewCell.xib */,
				AB2EF66020709EFE00A8BD7A /* DetailsModel.swift */,
				AB2EF66C2078876700A8BD7A /* ListTableViewCell.swift */,
				AB1295E3208C242100112233 /* ResorcesModel.swift */,
				AB1295E5208C274100112233 /* ResourceTableViewCell.swift */,
				AB1295E9208D6C1000112233 /* OrganizationModel.swift */,
				AB1295E7208D6BCC00112233 /* OrganizationTableViewCell.swift */,
				AB1295ED208DCD6900112233 /* TrainerModel.swift */,
				AB1295EF208DCF6000112233 /* TrainerTableViewCell.swift */,
				AB405DAE20477D1E00B389B3 /* EventModel.swift */,
				AB0DF955209CFC4D00FD24C2 /* QuestionModel.swift */,
				AB0DF959209EE07B00FD24C2 /* User.swift */,
			);
			path = SimpleVC;
			sourceTree = "<group>";
		};
		AB5979FB202BAE3B00E3FE2E = {
			isa = PBXGroup;
			children = (
				AB597A2120319E4E00E3FE2E /* data.json */,
				AB597A06202BAE3B00E3FE2E /* careDirect */,
				AB597A05202BAE3B00E3FE2E /* Products */,
				0A86A3CA199453D22EC2C158 /* Pods */,
				4D47563CA68647CD9090356E /* Frameworks */,
			);
			sourceTree = "<group>";
		};
		AB597A05202BAE3B00E3FE2E /* Products */ = {
			isa = PBXGroup;
			children = (
				AB597A04202BAE3B00E3FE2E /* careDirect.app */,
			);
			name = Products;
			sourceTree = "<group>";
		};
		AB597A06202BAE3B00E3FE2E /* careDirect */ = {
			isa = PBXGroup;
			children = (
				AB405DA020437F7900B389B3 /* SimpleVC */,
				ABB8301120A8FBD50035312B /* Onboarding.swift */,
				ABB8301020A8FBD40035312B /* OnboardingViewClass.swift */,
				AB2EF6622070A6B600A8BD7A /* DetailsViewController.swift */,
				ABD0DECC207C136F005C9432 /* AlertController.swift */,
				AB597A07202BAE3C00E3FE2E /* AppDelegate.swift */,
				ABD0DED2207C17C0005C9432 /* SignUpVC.swift */,
				ABD0DED0207C1767005C9432 /* SignInVC.swift */,
				ABD0DED4207E0F7D005C9432 /* PinView.xib */,
				ABD0DED6207E15F0005C9432 /* PinView.swift */,
				AB1295DF2087317A00112233 /* PinModel.swift */,
				ABE720002054C9AC00C23F58 /* TrainingVC.swift */,
				AB405DAA2044AD4800B389B3 /* AddEventVC.swift */,
				ABD0DECE207C171A005C9432 /* EventViewController.swift */,
				AB405D9E2042A5A300B389B3 /* EventsVC.swift */,
				ABD0DEE92084A12B005C9432 /* ScreeningVC.swift */,
				AB1295E1208C223500112233 /* ResorcesVC.swift */,
				AB5733252096A07300163B63 /* ResetPasswordVC.swift */,
				AB5733272096B32000163B63 /* ChangeEmailVC.swift */,
				AB0DF94D209A580A00FD24C2 /* QuestionsVC.swift */,
				AB0DF953209CF69C00FD24C2 /* QuestionVC.swift */,
				AB0DF951209A73DA00FD24C2 /* ScreenerQuestion.swift */,
				AB0DF94F209A736600FD24C2 /* QuestionGroup.swift */,
				AB0DF957209E7A5800FD24C2 /* AccountVC.swift */,
				AB08B24120A2317E004BE076 /* ScreenerResultsVC.swift */,
				AB08B24520A4F8F8004BE076 /* ResourceDetailVC.swift */,
				AB597A0B202BAE3C00E3FE2E /* Main.storyboard */,
				ABB8301620AA2FC70035312B /* TabBarViewController.swift */,
				AB597A0E202BAE3C00E3FE2E /* Assets.xcassets */,
				AB597A10202BAE3C00E3FE2E /* LaunchScreen.storyboard */,
				AB597A19202BC7A100E3FE2E /* GoogleService-Info.plist */,
				AB597A13202BAE3C00E3FE2E /* Info.plist */,
				AB2EF66A2072D8DA00A8BD7A /* .gitignore */,
				ABB8301420A95FB20035312B /* PrivacyVC.swift */,
			);
			path = careDirect;
			sourceTree = "<group>";
		};
/* End PBXGroup section */

/* Begin PBXNativeTarget section */
		AB597A03202BAE3B00E3FE2E /* careDirect */ = {
			isa = PBXNativeTarget;
			buildConfigurationList = AB597A16202BAE3C00E3FE2E /* Build configuration list for PBXNativeTarget "careDirect" */;
			buildPhases = (
				BE389AFFBB3A4A8B5F7EAD43 /* [CP] Check Pods Manifest.lock */,
				AB597A00202BAE3B00E3FE2E /* Sources */,
				AB597A01202BAE3B00E3FE2E /* Frameworks */,
				AB597A02202BAE3B00E3FE2E /* Resources */,
				5E85FE4C872B484772EF143A /* [CP] Embed Pods Frameworks */,
				0EA175AA01C794678DD57E32 /* [CP] Copy Pods Resources */,
			);
			buildRules = (
			);
			dependencies = (
			);
			name = careDirect;
			productName = careDirect;
			productReference = AB597A04202BAE3B00E3FE2E /* careDirect.app */;
			productType = "com.apple.product-type.application";
		};
/* End PBXNativeTarget section */

/* Begin PBXProject section */
		AB5979FC202BAE3B00E3FE2E /* Project object */ = {
			isa = PBXProject;
			attributes = {
				LastSwiftUpdateCheck = 0920;
				LastUpgradeCheck = 0920;
				ORGANIZATIONNAME = "Daisy Yovcheva";
				TargetAttributes = {
					AB597A03202BAE3B00E3FE2E = {
						CreatedOnToolsVersion = 9.2;
						ProvisioningStyle = Automatic;
						SystemCapabilities = {
							com.apple.Maps.iOS = {
								enabled = 1;
							};
						};
					};
				};
			};
			buildConfigurationList = AB5979FF202BAE3B00E3FE2E /* Build configuration list for PBXProject "careDirect" */;
			compatibilityVersion = "Xcode 8.0";
			developmentRegion = en;
			hasScannedForEncodings = 0;
			knownRegions = (
				en,
				Base,
			);
			mainGroup = AB5979FB202BAE3B00E3FE2E;
			productRefGroup = AB597A05202BAE3B00E3FE2E /* Products */;
			projectDirPath = "";
			projectRoot = "";
			targets = (
				AB597A03202BAE3B00E3FE2E /* careDirect */,
			);
		};
/* End PBXProject section */

/* Begin PBXResourcesBuildPhase section */
		AB597A02202BAE3B00E3FE2E /* Resources */ = {
			isa = PBXResourcesBuildPhase;
			buildActionMask = 2147483647;
			files = (
				ABD0DED5207E0F7D005C9432 /* PinView.xib in Resources */,
				AB597A12202BAE3C00E3FE2E /* LaunchScreen.storyboard in Resources */,
				AB597A1A202BC7A100E3FE2E /* GoogleService-Info.plist in Resources */,
				AB2EF66720717BF800A8BD7A /* DetailsTableViewCell.xib in Resources */,
				AB597A0F202BAE3C00E3FE2E /* Assets.xcassets in Resources */,
				AB597A2220319E4E00E3FE2E /* data.json in Resources */,
				AB597A0D202BAE3C00E3FE2E /* Main.storyboard in Resources */,
				AB405DA82043807300B389B3 /* MapVC.xib in Resources */,
				AB2EF66B2072D8DA00A8BD7A /* .gitignore in Resources */,
			);
			runOnlyForDeploymentPostprocessing = 0;
		};
/* End PBXResourcesBuildPhase section */

/* Begin PBXShellScriptBuildPhase section */
		0EA175AA01C794678DD57E32 /* [CP] Copy Pods Resources */ = {
			isa = PBXShellScriptBuildPhase;
			buildActionMask = 2147483647;
			files = (
			);
			inputPaths = (
			);
			name = "[CP] Copy Pods Resources";
			outputPaths = (
			);
			runOnlyForDeploymentPostprocessing = 0;
			shellPath = /bin/sh;
			shellScript = "\"${SRCROOT}/Pods/Target Support Files/Pods-careDirect/Pods-careDirect-resources.sh\"\n";
			showEnvVarsInLog = 0;
		};
		5E85FE4C872B484772EF143A /* [CP] Embed Pods Frameworks */ = {
			isa = PBXShellScriptBuildPhase;
			buildActionMask = 2147483647;
			files = (
			);
			inputPaths = (
				"${SRCROOT}/Pods/Target Support Files/Pods-careDirect/Pods-careDirect-frameworks.sh",
				"${BUILT_PRODUCTS_DIR}/DLRadioButton/DLRadioButton.framework",
				"${BUILT_PRODUCTS_DIR}/GTMSessionFetcher/GTMSessionFetcher.framework",
				"${BUILT_PRODUCTS_DIR}/GoogleToolboxForMac/GoogleToolboxForMac.framework",
				"${BUILT_PRODUCTS_DIR}/leveldb-library/leveldb.framework",
				"${BUILT_PRODUCTS_DIR}/nanopb/nanopb.framework",
				"${BUILT_PRODUCTS_DIR}/paper-onboarding/paper_onboarding.framework",
			);
			name = "[CP] Embed Pods Frameworks";
			outputPaths = (
				"${TARGET_BUILD_DIR}/${FRAMEWORKS_FOLDER_PATH}/DLRadioButton.framework",
				"${TARGET_BUILD_DIR}/${FRAMEWORKS_FOLDER_PATH}/GTMSessionFetcher.framework",
				"${TARGET_BUILD_DIR}/${FRAMEWORKS_FOLDER_PATH}/GoogleToolboxForMac.framework",
				"${TARGET_BUILD_DIR}/${FRAMEWORKS_FOLDER_PATH}/leveldb.framework",
				"${TARGET_BUILD_DIR}/${FRAMEWORKS_FOLDER_PATH}/nanopb.framework",
				"${TARGET_BUILD_DIR}/${FRAMEWORKS_FOLDER_PATH}/paper_onboarding.framework",
			);
			runOnlyForDeploymentPostprocessing = 0;
			shellPath = /bin/sh;
			shellScript = "\"${SRCROOT}/Pods/Target Support Files/Pods-careDirect/Pods-careDirect-frameworks.sh\"\n";
			showEnvVarsInLog = 0;
		};
		BE389AFFBB3A4A8B5F7EAD43 /* [CP] Check Pods Manifest.lock */ = {
			isa = PBXShellScriptBuildPhase;
			buildActionMask = 2147483647;
			files = (
			);
			inputPaths = (
				"${PODS_PODFILE_DIR_PATH}/Podfile.lock",
				"${PODS_ROOT}/Manifest.lock",
			);
			name = "[CP] Check Pods Manifest.lock";
			outputPaths = (
				"$(DERIVED_FILE_DIR)/Pods-careDirect-checkManifestLockResult.txt",
			);
			runOnlyForDeploymentPostprocessing = 0;
			shellPath = /bin/sh;
			shellScript = "diff \"${PODS_PODFILE_DIR_PATH}/Podfile.lock\" \"${PODS_ROOT}/Manifest.lock\" > /dev/null\nif [ $? != 0 ] ; then\n    # print error to STDERR\n    echo \"error: The sandbox is not in sync with the Podfile.lock. Run 'pod install' or update your CocoaPods installation.\" >&2\n    exit 1\nfi\n# This output is used by Xcode 'outputs' to avoid re-running this script phase.\necho \"SUCCESS\" > \"${SCRIPT_OUTPUT_FILE_0}\"\n";
			showEnvVarsInLog = 0;
		};
/* End PBXShellScriptBuildPhase section */

/* Begin PBXSourcesBuildPhase section */
		AB597A00202BAE3B00E3FE2E /* Sources */ = {
			isa = PBXSourcesBuildPhase;
			buildActionMask = 2147483647;
			files = (
				AB08B24620A4F8F8004BE076 /* ResourceDetailVC.swift in Sources */,
				AB0DF952209A73DA00FD24C2 /* ScreenerQuestion.swift in Sources */,
				AB597A08202BAE3C00E3FE2E /* AppDelegate.swift in Sources */,
				AB405DAD2047789A00B389B3 /* ViewControllerTableViewCell.swift in Sources */,
				AB2EF66120709EFE00A8BD7A /* DetailsModel.swift in Sources */,
				AB0DF950209A736600FD24C2 /* QuestionGroup.swift in Sources */,
				AB2EF66D2078876700A8BD7A /* ListTableViewCell.swift in Sources */,
				AB1295E02087317A00112233 /* PinModel.swift in Sources */,
				AB5733262096A07300163B63 /* ResetPasswordVC.swift in Sources */,
				AB1295E6208C274100112233 /* ResourceTableViewCell.swift in Sources */,
				AB405DA32043802A00B389B3 /* ListVC.swift in Sources */,
				ABD0DEEA2084A12B005C9432 /* ScreeningVC.swift in Sources */,
				AB5733282096B32000163B63 /* ChangeEmailVC.swift in Sources */,
				ABD0DECF207C171A005C9432 /* EventViewController.swift in Sources */,
				AB0DF95A209EE07B00FD24C2 /* User.swift in Sources */,
				AB405DA72043807300B389B3 /* MapVC.swift in Sources */,
				ABD0DECD207C1370005C9432 /* AlertController.swift in Sources */,
				ABB8301520A95FB20035312B /* PrivacyVC.swift in Sources */,
				AB1295E2208C223500112233 /* ResorcesVC.swift in Sources */,
				AB1295E8208D6BCC00112233 /* OrganizationTableViewCell.swift in Sources */,
				AB1295EE208DCD6900112233 /* TrainerModel.swift in Sources */,
				ABB8301220A8FBD50035312B /* OnboardingViewClass.swift in Sources */,
				ABB8301320A8FBD50035312B /* Onboarding.swift in Sources */,
				ABD0DED3207C17C0005C9432 /* SignUpVC.swift in Sources */,
				AB1295E4208C242100112233 /* ResorcesModel.swift in Sources */,
				AB2EF6632070A6B600A8BD7A /* DetailsViewController.swift in Sources */,
				AB1295EA208D6C1000112233 /* OrganizationModel.swift in Sources */,
				AB405DAB2044AD4800B389B3 /* AddEventVC.swift in Sources */,
				AB08B24220A2317E004BE076 /* ScreenerResultsVC.swift in Sources */,
				ABD0DED1207C1767005C9432 /* SignInVC.swift in Sources */,
				AB0DF956209CFC4D00FD24C2 /* QuestionModel.swift in Sources */,
				ABB8301720AA2FC70035312B /* TabBarViewController.swift in Sources */,
				AB0DF94E209A580A00FD24C2 /* QuestionsVC.swift in Sources */,
				AB405DAF20477D1E00B389B3 /* EventModel.swift in Sources */,
				AB2EF66620717BF800A8BD7A /* DetailsTableViewCell.swift in Sources */,
				AB405D9F2042A5A300B389B3 /* EventsVC.swift in Sources */,
				AB0DF954209CF69C00FD24C2 /* QuestionVC.swift in Sources */,
				AB1295F0208DCF6000112233 /* TrainerTableViewCell.swift in Sources */,
				ABD0DED7207E15F0005C9432 /* PinView.swift in Sources */,
				AB0DF958209E7A5900FD24C2 /* AccountVC.swift in Sources */,
				ABE720012054C9AC00C23F58 /* TrainingVC.swift in Sources */,
			);
			runOnlyForDeploymentPostprocessing = 0;
		};
/* End PBXSourcesBuildPhase section */

/* Begin PBXVariantGroup section */
		AB597A0B202BAE3C00E3FE2E /* Main.storyboard */ = {
			isa = PBXVariantGroup;
			children = (
				AB597A0C202BAE3C00E3FE2E /* Base */,
			);
			name = Main.storyboard;
			sourceTree = "<group>";
		};
		AB597A10202BAE3C00E3FE2E /* LaunchScreen.storyboard */ = {
			isa = PBXVariantGroup;
			children = (
				AB597A11202BAE3C00E3FE2E /* Base */,
			);
			name = LaunchScreen.storyboard;
			sourceTree = "<group>";
		};
/* End PBXVariantGroup section */

/* Begin XCBuildConfiguration section */
		AB597A14202BAE3C00E3FE2E /* Debug */ = {
			isa = XCBuildConfiguration;
			buildSettings = {
				ALWAYS_SEARCH_USER_PATHS = NO;
				CLANG_ANALYZER_NONNULL = YES;
				CLANG_ANALYZER_NUMBER_OBJECT_CONVERSION = YES_AGGRESSIVE;
				CLANG_CXX_LANGUAGE_STANDARD = "gnu++14";
				CLANG_CXX_LIBRARY = "libc++";
				CLANG_ENABLE_MODULES = YES;
				CLANG_ENABLE_OBJC_ARC = YES;
				CLANG_WARN_BLOCK_CAPTURE_AUTORELEASING = YES;
				CLANG_WARN_BOOL_CONVERSION = YES;
				CLANG_WARN_COMMA = YES;
				CLANG_WARN_CONSTANT_CONVERSION = YES;
				CLANG_WARN_DIRECT_OBJC_ISA_USAGE = YES_ERROR;
				CLANG_WARN_DOCUMENTATION_COMMENTS = YES;
				CLANG_WARN_EMPTY_BODY = YES;
				CLANG_WARN_ENUM_CONVERSION = YES;
				CLANG_WARN_INFINITE_RECURSION = YES;
				CLANG_WARN_INT_CONVERSION = YES;
				CLANG_WARN_NON_LITERAL_NULL_CONVERSION = YES;
				CLANG_WARN_OBJC_LITERAL_CONVERSION = YES;
				CLANG_WARN_OBJC_ROOT_CLASS = YES_ERROR;
				CLANG_WARN_RANGE_LOOP_ANALYSIS = YES;
				CLANG_WARN_STRICT_PROTOTYPES = YES;
				CLANG_WARN_SUSPICIOUS_MOVE = YES;
				CLANG_WARN_UNGUARDED_AVAILABILITY = YES_AGGRESSIVE;
				CLANG_WARN_UNREACHABLE_CODE = YES;
				CLANG_WARN__DUPLICATE_METHOD_MATCH = YES;
				CODE_SIGN_IDENTITY = "iPhone Developer";
				COPY_PHASE_STRIP = NO;
				DEBUG_INFORMATION_FORMAT = dwarf;
				ENABLE_STRICT_OBJC_MSGSEND = YES;
				ENABLE_TESTABILITY = YES;
				GCC_C_LANGUAGE_STANDARD = gnu11;
				GCC_DYNAMIC_NO_PIC = NO;
				GCC_NO_COMMON_BLOCKS = YES;
				GCC_OPTIMIZATION_LEVEL = 0;
				GCC_PREPROCESSOR_DEFINITIONS = (
					"DEBUG=1",
					"$(inherited)",
				);
				GCC_WARN_64_TO_32_BIT_CONVERSION = YES;
				GCC_WARN_ABOUT_RETURN_TYPE = YES_ERROR;
				GCC_WARN_UNDECLARED_SELECTOR = YES;
				GCC_WARN_UNINITIALIZED_AUTOS = YES_AGGRESSIVE;
				GCC_WARN_UNUSED_FUNCTION = YES;
				GCC_WARN_UNUSED_VARIABLE = YES;
				IPHONEOS_DEPLOYMENT_TARGET = 11.2;
				MTL_ENABLE_DEBUG_INFO = YES;
				ONLY_ACTIVE_ARCH = YES;
				SDKROOT = iphoneos;
				SWIFT_ACTIVE_COMPILATION_CONDITIONS = DEBUG;
				SWIFT_OPTIMIZATION_LEVEL = "-Onone";
			};
			name = Debug;
		};
		AB597A15202BAE3C00E3FE2E /* Release */ = {
			isa = XCBuildConfiguration;
			buildSettings = {
				ALWAYS_SEARCH_USER_PATHS = NO;
				CLANG_ANALYZER_NONNULL = YES;
				CLANG_ANALYZER_NUMBER_OBJECT_CONVERSION = YES_AGGRESSIVE;
				CLANG_CXX_LANGUAGE_STANDARD = "gnu++14";
				CLANG_CXX_LIBRARY = "libc++";
				CLANG_ENABLE_MODULES = YES;
				CLANG_ENABLE_OBJC_ARC = YES;
				CLANG_WARN_BLOCK_CAPTURE_AUTORELEASING = YES;
				CLANG_WARN_BOOL_CONVERSION = YES;
				CLANG_WARN_COMMA = YES;
				CLANG_WARN_CONSTANT_CONVERSION = YES;
				CLANG_WARN_DIRECT_OBJC_ISA_USAGE = YES_ERROR;
				CLANG_WARN_DOCUMENTATION_COMMENTS = YES;
				CLANG_WARN_EMPTY_BODY = YES;
				CLANG_WARN_ENUM_CONVERSION = YES;
				CLANG_WARN_INFINITE_RECURSION = YES;
				CLANG_WARN_INT_CONVERSION = YES;
				CLANG_WARN_NON_LITERAL_NULL_CONVERSION = YES;
				CLANG_WARN_OBJC_LITERAL_CONVERSION = YES;
				CLANG_WARN_OBJC_ROOT_CLASS = YES_ERROR;
				CLANG_WARN_RANGE_LOOP_ANALYSIS = YES;
				CLANG_WARN_STRICT_PROTOTYPES = YES;
				CLANG_WARN_SUSPICIOUS_MOVE = YES;
				CLANG_WARN_UNGUARDED_AVAILABILITY = YES_AGGRESSIVE;
				CLANG_WARN_UNREACHABLE_CODE = YES;
				CLANG_WARN__DUPLICATE_METHOD_MATCH = YES;
				CODE_SIGN_IDENTITY = "iPhone Developer";
				COPY_PHASE_STRIP = NO;
				DEBUG_INFORMATION_FORMAT = "dwarf-with-dsym";
				ENABLE_NS_ASSERTIONS = NO;
				ENABLE_STRICT_OBJC_MSGSEND = YES;
				GCC_C_LANGUAGE_STANDARD = gnu11;
				GCC_NO_COMMON_BLOCKS = YES;
				GCC_WARN_64_TO_32_BIT_CONVERSION = YES;
				GCC_WARN_ABOUT_RETURN_TYPE = YES_ERROR;
				GCC_WARN_UNDECLARED_SELECTOR = YES;
				GCC_WARN_UNINITIALIZED_AUTOS = YES_AGGRESSIVE;
				GCC_WARN_UNUSED_FUNCTION = YES;
				GCC_WARN_UNUSED_VARIABLE = YES;
				IPHONEOS_DEPLOYMENT_TARGET = 11.2;
				MTL_ENABLE_DEBUG_INFO = NO;
				SDKROOT = iphoneos;
				SWIFT_OPTIMIZATION_LEVEL = "-Owholemodule";
				VALIDATE_PRODUCT = YES;
			};
			name = Release;
		};
		AB597A17202BAE3C00E3FE2E /* Debug */ = {
			isa = XCBuildConfiguration;
			baseConfigurationReference = ABD5F36224C462EE06D6C18E /* Pods-careDirect.debug.xcconfig */;
			buildSettings = {
				ASSETCATALOG_COMPILER_APPICON_NAME = AppIcon;
				CODE_SIGN_STYLE = Automatic;
				DEVELOPMENT_TEAM = 7V5ZNUPBVK;
				INFOPLIST_FILE = careDirect/Info.plist;
				LD_RUNPATH_SEARCH_PATHS = "$(inherited) @executable_path/Frameworks";
				PRODUCT_BUNDLE_IDENTIFIER = com.daisy.careDirect;
				PRODUCT_NAME = "$(TARGET_NAME)";
				SWIFT_VERSION = 4.0;
				TARGETED_DEVICE_FAMILY = "1,2";
			};
			name = Debug;
		};
		AB597A18202BAE3C00E3FE2E /* Release */ = {
			isa = XCBuildConfiguration;
			baseConfigurationReference = 7F3573DAC6418FE182944D36 /* Pods-careDirect.release.xcconfig */;
			buildSettings = {
				ASSETCATALOG_COMPILER_APPICON_NAME = AppIcon;
				CODE_SIGN_STYLE = Automatic;
				DEVELOPMENT_TEAM = 7V5ZNUPBVK;
				INFOPLIST_FILE = careDirect/Info.plist;
				LD_RUNPATH_SEARCH_PATHS = "$(inherited) @executable_path/Frameworks";
				PRODUCT_BUNDLE_IDENTIFIER = com.daisy.careDirect;
				PRODUCT_NAME = "$(TARGET_NAME)";
				SWIFT_VERSION = 4.0;
				TARGETED_DEVICE_FAMILY = "1,2";
			};
			name = Release;
		};
/* End XCBuildConfiguration section */

/* Begin XCConfigurationList section */
		AB5979FF202BAE3B00E3FE2E /* Build configuration list for PBXProject "careDirect" */ = {
			isa = XCConfigurationList;
			buildConfigurations = (
				AB597A14202BAE3C00E3FE2E /* Debug */,
				AB597A15202BAE3C00E3FE2E /* Release */,
			);
			defaultConfigurationIsVisible = 0;
			defaultConfigurationName = Release;
		};
		AB597A16202BAE3C00E3FE2E /* Build configuration list for PBXNativeTarget "careDirect" */ = {
			isa = XCConfigurationList;
			buildConfigurations = (
				AB597A17202BAE3C00E3FE2E /* Debug */,
				AB597A18202BAE3C00E3FE2E /* Release */,
			);
			defaultConfigurationIsVisible = 0;
			defaultConfigurationName = Release;
		};
/* End XCConfigurationList section */
	};
	rootObject = AB5979FC202BAE3B00E3FE2E /* Project object */;
}
