// !$*UTF8*$!
{
	archiveVersion = 1;
	classes = {
	};
	objectVersion = 48;
	objects = {

/* Begin PBXBuildFile section */
		4CF2170B3019D6E3F09456D1 /* Pods_careDirect.framework in Frameworks */ = {isa = PBXBuildFile; fileRef = CA9A40FD6E98B2F46B411A43 /* Pods_careDirect.framework */; };
		AB405D9F2042A5A300B389B3 /* EventsVC.swift in Sources */ = {isa = PBXBuildFile; fileRef = AB405D9E2042A5A300B389B3 /* EventsVC.swift */; };
		AB405DA32043802A00B389B3 /* ListVC.swift in Sources */ = {isa = PBXBuildFile; fileRef = AB405DA12043802A00B389B3 /* ListVC.swift */; };
		AB405DA72043807300B389B3 /* MapVC.swift in Sources */ = {isa = PBXBuildFile; fileRef = AB405DA52043807300B389B3 /* MapVC.swift */; };
		AB405DA82043807300B389B3 /* MapVC.xib in Resources */ = {isa = PBXBuildFile; fileRef = AB405DA62043807300B389B3 /* MapVC.xib */; };
		AB405DAB2044AD4800B389B3 /* AddEventVC.swift in Sources */ = {isa = PBXBuildFile; fileRef = AB405DAA2044AD4800B389B3 /* AddEventVC.swift */; };
		AB405DAD2047789A00B389B3 /* ViewControllerTableViewCell.swift in Sources */ = {isa = PBXBuildFile; fileRef = AB405DAC2047789A00B389B3 /* ViewControllerTableViewCell.swift */; };
		AB405DAF20477D1E00B389B3 /* EventModel.swift in Sources */ = {isa = PBXBuildFile; fileRef = AB405DAE20477D1E00B389B3 /* EventModel.swift */; };
		AB4D617D203E200200ABA461 /* SuccessVC.swift in Sources */ = {isa = PBXBuildFile; fileRef = AB4D617C203E200200ABA461 /* SuccessVC.swift */; };
		AB597A08202BAE3C00E3FE2E /* AppDelegate.swift in Sources */ = {isa = PBXBuildFile; fileRef = AB597A07202BAE3C00E3FE2E /* AppDelegate.swift */; };
		AB597A0D202BAE3C00E3FE2E /* Main.storyboard in Resources */ = {isa = PBXBuildFile; fileRef = AB597A0B202BAE3C00E3FE2E /* Main.storyboard */; };
		AB597A0F202BAE3C00E3FE2E /* Assets.xcassets in Resources */ = {isa = PBXBuildFile; fileRef = AB597A0E202BAE3C00E3FE2E /* Assets.xcassets */; };
		AB597A12202BAE3C00E3FE2E /* LaunchScreen.storyboard in Resources */ = {isa = PBXBuildFile; fileRef = AB597A10202BAE3C00E3FE2E /* LaunchScreen.storyboard */; };
		AB597A1A202BC7A100E3FE2E /* GoogleService-Info.plist in Resources */ = {isa = PBXBuildFile; fileRef = AB597A19202BC7A100E3FE2E /* GoogleService-Info.plist */; };
		AB597A2220319E4E00E3FE2E /* data.json in Resources */ = {isa = PBXBuildFile; fileRef = AB597A2120319E4E00E3FE2E /* data.json */; };
		AB6CD41420340A12002FF0C0 /* User.swift in Sources */ = {isa = PBXBuildFile; fileRef = AB6CD40E20340A12002FF0C0 /* User.swift */; };
		AB6CD41520340A12002FF0C0 /* SignInVC.swift in Sources */ = {isa = PBXBuildFile; fileRef = AB6CD40F20340A12002FF0C0 /* SignInVC.swift */; };
		AB6CD41620340A12002FF0C0 /* FirebaseReference.swift in Sources */ = {isa = PBXBuildFile; fileRef = AB6CD41020340A12002FF0C0 /* FirebaseReference.swift */; };
		AB6CD41720340A12002FF0C0 /* SignUpVC.swift in Sources */ = {isa = PBXBuildFile; fileRef = AB6CD41120340A12002FF0C0 /* SignUpVC.swift */; };
		AB6CD41820340A12002FF0C0 /* AlertController.swift in Sources */ = {isa = PBXBuildFile; fileRef = AB6CD41220340A12002FF0C0 /* AlertController.swift */; };
		AB9EBFDA2049415D00D499B2 /* ListTableViewCell.swift in Sources */ = {isa = PBXBuildFile; fileRef = AB9EBFD82049415D00D499B2 /* ListTableViewCell.swift */; };
		AB9EBFDB2049415D00D499B2 /* ListTableViewCell.xib in Resources */ = {isa = PBXBuildFile; fileRef = AB9EBFD92049415D00D499B2 /* ListTableViewCell.xib */; };
		ABE720012054C9AC00C23F58 /* TrainingVC.swift in Sources */ = {isa = PBXBuildFile; fileRef = ABE720002054C9AC00C23F58 /* TrainingVC.swift */; };
		ABE720032054CA3D00C23F58 /* MessageUI.framework in Frameworks */ = {isa = PBXBuildFile; fileRef = ABE720022054CA3D00C23F58 /* MessageUI.framework */; };
/* End PBXBuildFile section */

/* Begin PBXFileReference section */
		7F3573DAC6418FE182944D36 /* Pods-careDirect.release.xcconfig */ = {isa = PBXFileReference; includeInIndex = 1; lastKnownFileType = text.xcconfig; name = "Pods-careDirect.release.xcconfig"; path = "Pods/Target Support Files/Pods-careDirect/Pods-careDirect.release.xcconfig"; sourceTree = "<group>"; };
		AB405D9E2042A5A300B389B3 /* EventsVC.swift */ = {isa = PBXFileReference; lastKnownFileType = sourcecode.swift; path = EventsVC.swift; sourceTree = "<group>"; };
		AB405DA12043802A00B389B3 /* ListVC.swift */ = {isa = PBXFileReference; lastKnownFileType = sourcecode.swift; path = ListVC.swift; sourceTree = "<group>"; };
		AB405DA52043807300B389B3 /* MapVC.swift */ = {isa = PBXFileReference; lastKnownFileType = sourcecode.swift; path = MapVC.swift; sourceTree = "<group>"; };
		AB405DA62043807300B389B3 /* MapVC.xib */ = {isa = PBXFileReference; lastKnownFileType = file.xib; path = MapVC.xib; sourceTree = "<group>"; };
		AB405DAA2044AD4800B389B3 /* AddEventVC.swift */ = {isa = PBXFileReference; lastKnownFileType = sourcecode.swift; path = AddEventVC.swift; sourceTree = "<group>"; };
		AB405DAC2047789A00B389B3 /* ViewControllerTableViewCell.swift */ = {isa = PBXFileReference; lastKnownFileType = sourcecode.swift; path = ViewControllerTableViewCell.swift; sourceTree = "<group>"; };
		AB405DAE20477D1E00B389B3 /* EventModel.swift */ = {isa = PBXFileReference; lastKnownFileType = sourcecode.swift; path = EventModel.swift; sourceTree = "<group>"; };
		AB4D617C203E200200ABA461 /* SuccessVC.swift */ = {isa = PBXFileReference; lastKnownFileType = sourcecode.swift; path = SuccessVC.swift; sourceTree = "<group>"; };
		AB597A04202BAE3B00E3FE2E /* careDirect.app */ = {isa = PBXFileReference; explicitFileType = wrapper.application; includeInIndex = 0; path = careDirect.app; sourceTree = BUILT_PRODUCTS_DIR; };
		AB597A07202BAE3C00E3FE2E /* AppDelegate.swift */ = {isa = PBXFileReference; lastKnownFileType = sourcecode.swift; path = AppDelegate.swift; sourceTree = "<group>"; };
		AB597A0C202BAE3C00E3FE2E /* Base */ = {isa = PBXFileReference; lastKnownFileType = file.storyboard; name = Base; path = Base.lproj/Main.storyboard; sourceTree = "<group>"; };
		AB597A0E202BAE3C00E3FE2E /* Assets.xcassets */ = {isa = PBXFileReference; lastKnownFileType = folder.assetcatalog; path = Assets.xcassets; sourceTree = "<group>"; };
		AB597A11202BAE3C00E3FE2E /* Base */ = {isa = PBXFileReference; lastKnownFileType = file.storyboard; name = Base; path = Base.lproj/LaunchScreen.storyboard; sourceTree = "<group>"; };
		AB597A13202BAE3C00E3FE2E /* Info.plist */ = {isa = PBXFileReference; lastKnownFileType = text.plist.xml; path = Info.plist; sourceTree = "<group>"; };
		AB597A19202BC7A100E3FE2E /* GoogleService-Info.plist */ = {isa = PBXFileReference; fileEncoding = 4; lastKnownFileType = text.plist.xml; path = "GoogleService-Info.plist"; sourceTree = "<group>"; };
		AB597A2120319E4E00E3FE2E /* data.json */ = {isa = PBXFileReference; lastKnownFileType = text.json; path = data.json; sourceTree = "<group>"; };
		AB6CD40E20340A12002FF0C0 /* User.swift */ = {isa = PBXFileReference; lastKnownFileType = sourcecode.swift; name = User.swift; path = /Users/daisy/Documents/UWBothell/careDirect/careDirect/careDirect/User.swift; sourceTree = "<absolute>"; };
		AB6CD40F20340A12002FF0C0 /* SignInVC.swift */ = {isa = PBXFileReference; lastKnownFileType = sourcecode.swift; name = SignInVC.swift; path = /Users/daisy/Documents/UWBothell/careDirect/careDirect/careDirect/SignInVC.swift; sourceTree = "<absolute>"; };
		AB6CD41020340A12002FF0C0 /* FirebaseReference.swift */ = {isa = PBXFileReference; lastKnownFileType = sourcecode.swift; name = FirebaseReference.swift; path = /Users/daisy/Documents/UWBothell/careDirect/careDirect/careDirect/FirebaseReference.swift; sourceTree = "<absolute>"; };
		AB6CD41120340A12002FF0C0 /* SignUpVC.swift */ = {isa = PBXFileReference; lastKnownFileType = sourcecode.swift; name = SignUpVC.swift; path = /Users/daisy/Documents/UWBothell/careDirect/careDirect/careDirect/SignUpVC.swift; sourceTree = "<absolute>"; };
		AB6CD41220340A12002FF0C0 /* AlertController.swift */ = {isa = PBXFileReference; lastKnownFileType = sourcecode.swift; name = AlertController.swift; path = /Users/daisy/Documents/UWBothell/careDirect/careDirect/careDirect/AlertController.swift; sourceTree = "<absolute>"; };
		AB9EBFD82049415D00D499B2 /* ListTableViewCell.swift */ = {isa = PBXFileReference; lastKnownFileType = sourcecode.swift; path = ListTableViewCell.swift; sourceTree = "<group>"; };
		AB9EBFD92049415D00D499B2 /* ListTableViewCell.xib */ = {isa = PBXFileReference; lastKnownFileType = file.xib; path = ListTableViewCell.xib; sourceTree = "<group>"; };
		ABD5F36224C462EE06D6C18E /* Pods-careDirect.debug.xcconfig */ = {isa = PBXFileReference; includeInIndex = 1; lastKnownFileType = text.xcconfig; name = "Pods-careDirect.debug.xcconfig"; path = "Pods/Target Support Files/Pods-careDirect/Pods-careDirect.debug.xcconfig"; sourceTree = "<group>"; };
		ABE720002054C9AC00C23F58 /* TrainingVC.swift */ = {isa = PBXFileReference; lastKnownFileType = sourcecode.swift; path = TrainingVC.swift; sourceTree = "<group>"; };
		ABE720022054CA3D00C23F58 /* MessageUI.framework */ = {isa = PBXFileReference; lastKnownFileType = wrapper.framework; name = MessageUI.framework; path = System/Library/Frameworks/MessageUI.framework; sourceTree = SDKROOT; };
		CA9A40FD6E98B2F46B411A43 /* Pods_careDirect.framework */ = {isa = PBXFileReference; explicitFileType = wrapper.framework; includeInIndex = 0; path = Pods_careDirect.framework; sourceTree = BUILT_PRODUCTS_DIR; };
/* End PBXFileReference section */

/* Begin PBXFrameworksBuildPhase section */
		AB597A01202BAE3B00E3FE2E /* Frameworks */ = {
			isa = PBXFrameworksBuildPhase;
			buildActionMask = 2147483647;
			files = (
				ABE720032054CA3D00C23F58 /* MessageUI.framework in Frameworks */,
				4CF2170B3019D6E3F09456D1 /* Pods_careDirect.framework in Frameworks */,
			);
			runOnlyForDeploymentPostprocessing = 0;
		};
/* End PBXFrameworksBuildPhase section */

/* Begin PBXGroup section */
		0A86A3CA199453D22EC2C158 /* Pods */ = {
			isa = PBXGroup;
			children = (
				ABD5F36224C462EE06D6C18E /* Pods-careDirect.debug.xcconfig */,
				7F3573DAC6418FE182944D36 /* Pods-careDirect.release.xcconfig */,
			);
			name = Pods;
			sourceTree = "<group>";
		};
		4D47563CA68647CD9090356E /* Frameworks */ = {
			isa = PBXGroup;
			children = (
				ABE720022054CA3D00C23F58 /* MessageUI.framework */,
				CA9A40FD6E98B2F46B411A43 /* Pods_careDirect.framework */,
			);
			name = Frameworks;
			sourceTree = "<group>";
		};
		AB405DA020437F7900B389B3 /* SimpleVC */ = {
			isa = PBXGroup;
			children = (
				AB405DA12043802A00B389B3 /* ListVC.swift */,
				AB405DA52043807300B389B3 /* MapVC.swift */,
				AB405DA62043807300B389B3 /* MapVC.xib */,
				AB405DAC2047789A00B389B3 /* ViewControllerTableViewCell.swift */,
				AB405DAE20477D1E00B389B3 /* EventModel.swift */,
				AB9EBFD82049415D00D499B2 /* ListTableViewCell.swift */,
				AB9EBFD92049415D00D499B2 /* ListTableViewCell.xib */,
			);
			path = SimpleVC;
			sourceTree = "<group>";
		};
		AB5979FB202BAE3B00E3FE2E = {
			isa = PBXGroup;
			children = (
				AB597A2120319E4E00E3FE2E /* data.json */,
				AB597A06202BAE3B00E3FE2E /* careDirect */,
				AB597A05202BAE3B00E3FE2E /* Products */,
				0A86A3CA199453D22EC2C158 /* Pods */,
				4D47563CA68647CD9090356E /* Frameworks */,
			);
			sourceTree = "<group>";
		};
		AB597A05202BAE3B00E3FE2E /* Products */ = {
			isa = PBXGroup;
			children = (
				AB597A04202BAE3B00E3FE2E /* careDirect.app */,
			);
			name = Products;
			sourceTree = "<group>";
		};
		AB597A06202BAE3B00E3FE2E /* careDirect */ = {
			isa = PBXGroup;
			children = (
				AB405DA020437F7900B389B3 /* SimpleVC */,
				AB6CD41220340A12002FF0C0 /* AlertController.swift */,
				AB6CD41020340A12002FF0C0 /* FirebaseReference.swift */,
				AB6CD40F20340A12002FF0C0 /* SignInVC.swift */,
				AB6CD41120340A12002FF0C0 /* SignUpVC.swift */,
				AB6CD40E20340A12002FF0C0 /* User.swift */,
				AB597A07202BAE3C00E3FE2E /* AppDelegate.swift */,
				AB4D617C203E200200ABA461 /* SuccessVC.swift */,
				AB405D9E2042A5A300B389B3 /* EventsVC.swift */,
				AB405DAA2044AD4800B389B3 /* AddEventVC.swift */,
				ABE720002054C9AC00C23F58 /* TrainingVC.swift */,
				AB597A0B202BAE3C00E3FE2E /* Main.storyboard */,
				AB597A0E202BAE3C00E3FE2E /* Assets.xcassets */,
				AB597A10202BAE3C00E3FE2E /* LaunchScreen.storyboard */,
				AB597A19202BC7A100E3FE2E /* GoogleService-Info.plist */,
				AB597A13202BAE3C00E3FE2E /* Info.plist */,
			);
			path = careDirect;
			sourceTree = "<group>";
		};
/* End PBXGroup section */

/* Begin PBXNativeTarget section */
		AB597A03202BAE3B00E3FE2E /* careDirect */ = {
			isa = PBXNativeTarget;
			buildConfigurationList = AB597A16202BAE3C00E3FE2E /* Build configuration list for PBXNativeTarget "careDirect" */;
			buildPhases = (
				BE389AFFBB3A4A8B5F7EAD43 /* [CP] Check Pods Manifest.lock */,
				AB597A00202BAE3B00E3FE2E /* Sources */,
				AB597A01202BAE3B00E3FE2E /* Frameworks */,
				AB597A02202BAE3B00E3FE2E /* Resources */,
				5E85FE4C872B484772EF143A /* [CP] Embed Pods Frameworks */,
				0EA175AA01C794678DD57E32 /* [CP] Copy Pods Resources */,
			);
			buildRules = (
			);
			dependencies = (
			);
			name = careDirect;
			productName = careDirect;
			productReference = AB597A04202BAE3B00E3FE2E /* careDirect.app */;
			productType = "com.apple.product-type.application";
		};
/* End PBXNativeTarget section */

/* Begin PBXProject section */
		AB5979FC202BAE3B00E3FE2E /* Project object */ = {
			isa = PBXProject;
			attributes = {
				LastSwiftUpdateCheck = 0920;
				LastUpgradeCheck = 0920;
				ORGANIZATIONNAME = "Daisy Yovcheva";
				TargetAttributes = {
					AB597A03202BAE3B00E3FE2E = {
						CreatedOnToolsVersion = 9.2;
						ProvisioningStyle = Automatic;
					};
				};
			};
			buildConfigurationList = AB5979FF202BAE3B00E3FE2E /* Build configuration list for PBXProject "careDirect" */;
			compatibilityVersion = "Xcode 8.0";
			developmentRegion = en;
			hasScannedForEncodings = 0;
			knownRegions = (
				en,
				Base,
			);
			mainGroup = AB5979FB202BAE3B00E3FE2E;
			productRefGroup = AB597A05202BAE3B00E3FE2E /* Products */;
			projectDirPath = "";
			projectRoot = "";
			targets = (
				AB597A03202BAE3B00E3FE2E /* careDirect */,
			);
		};
/* End PBXProject section */

/* Begin PBXResourcesBuildPhase section */
		AB597A02202BAE3B00E3FE2E /* Resources */ = {
			isa = PBXResourcesBuildPhase;
			buildActionMask = 2147483647;
			files = (
				AB597A12202BAE3C00E3FE2E /* LaunchScreen.storyboard in Resources */,
				AB597A1A202BC7A100E3FE2E /* GoogleService-Info.plist in Resources */,
				AB597A0F202BAE3C00E3FE2E /* Assets.xcassets in Resources */,
				AB597A2220319E4E00E3FE2E /* data.json in Resources */,
				AB597A0D202BAE3C00E3FE2E /* Main.storyboard in Resources */,
				AB405DA82043807300B389B3 /* MapVC.xib in Resources */,
				AB9EBFDB2049415D00D499B2 /* ListTableViewCell.xib in Resources */,
			);
			runOnlyForDeploymentPostprocessing = 0;
		};
/* End PBXResourcesBuildPhase section */

/* Begin PBXShellScriptBuildPhase section */
		0EA175AA01C794678DD57E32 /* [CP] Copy Pods Resources */ = {
			isa = PBXShellScriptBuildPhase;
			buildActionMask = 2147483647;
			files = (
			);
			inputPaths = (
			);
			name = "[CP] Copy Pods Resources";
			outputPaths = (
			);
			runOnlyForDeploymentPostprocessing = 0;
			shellPath = /bin/sh;
			shellScript = "\"${SRCROOT}/Pods/Target Support Files/Pods-careDirect/Pods-careDirect-resources.sh\"\n";
			showEnvVarsInLog = 0;
		};
		5E85FE4C872B484772EF143A /* [CP] Embed Pods Frameworks */ = {
			isa = PBXShellScriptBuildPhase;
			buildActionMask = 2147483647;
			files = (
			);
			inputPaths = (
				"${SRCROOT}/Pods/Target Support Files/Pods-careDirect/Pods-careDirect-frameworks.sh",
				"${BUILT_PRODUCTS_DIR}/GTMSessionFetcher/GTMSessionFetcher.framework",
				"${BUILT_PRODUCTS_DIR}/GoogleToolboxForMac/GoogleToolboxForMac.framework",
				"${BUILT_PRODUCTS_DIR}/leveldb-library/leveldb.framework",
				"${BUILT_PRODUCTS_DIR}/nanopb/nanopb.framework",
			);
			name = "[CP] Embed Pods Frameworks";
			outputPaths = (
				"${TARGET_BUILD_DIR}/${FRAMEWORKS_FOLDER_PATH}/GTMSessionFetcher.framework",
				"${TARGET_BUILD_DIR}/${FRAMEWORKS_FOLDER_PATH}/GoogleToolboxForMac.framework",
				"${TARGET_BUILD_DIR}/${FRAMEWORKS_FOLDER_PATH}/leveldb.framework",
				"${TARGET_BUILD_DIR}/${FRAMEWORKS_FOLDER_PATH}/nanopb.framework",
			);
			runOnlyForDeploymentPostprocessing = 0;
			shellPath = /bin/sh;
			shellScript = "\"${SRCROOT}/Pods/Target Support Files/Pods-careDirect/Pods-careDirect-frameworks.sh\"\n";
			showEnvVarsInLog = 0;
		};
		BE389AFFBB3A4A8B5F7EAD43 /* [CP] Check Pods Manifest.lock */ = {
			isa = PBXShellScriptBuildPhase;
			buildActionMask = 2147483647;
			files = (
			);
			inputPaths = (
				"${PODS_PODFILE_DIR_PATH}/Podfile.lock",
				"${PODS_ROOT}/Manifest.lock",
			);
			name = "[CP] Check Pods Manifest.lock";
			outputPaths = (
				"$(DERIVED_FILE_DIR)/Pods-careDirect-checkManifestLockResult.txt",
			);
			runOnlyForDeploymentPostprocessing = 0;
			shellPath = /bin/sh;
			shellScript = "diff \"${PODS_PODFILE_DIR_PATH}/Podfile.lock\" \"${PODS_ROOT}/Manifest.lock\" > /dev/null\nif [ $? != 0 ] ; then\n    # print error to STDERR\n    echo \"error: The sandbox is not in sync with the Podfile.lock. Run 'pod install' or update your CocoaPods installation.\" >&2\n    exit 1\nfi\n# This output is used by Xcode 'outputs' to avoid re-running this script phase.\necho \"SUCCESS\" > \"${SCRIPT_OUTPUT_FILE_0}\"\n";
			showEnvVarsInLog = 0;
		};
/* End PBXShellScriptBuildPhase section */

/* Begin PBXSourcesBuildPhase section */
		AB597A00202BAE3B00E3FE2E /* Sources */ = {
			isa = PBXSourcesBuildPhase;
			buildActionMask = 2147483647;
			files = (
				AB6CD41620340A12002FF0C0 /* FirebaseReference.swift in Sources */,
				AB597A08202BAE3C00E3FE2E /* AppDelegate.swift in Sources */,
				AB405DAD2047789A00B389B3 /* ViewControllerTableViewCell.swift in Sources */,
				AB4D617D203E200200ABA461 /* SuccessVC.swift in Sources */,
				AB405DA32043802A00B389B3 /* ListVC.swift in Sources */,
				AB6CD41520340A12002FF0C0 /* SignInVC.swift in Sources */,
				AB405DA72043807300B389B3 /* MapVC.swift in Sources */,
				AB9EBFDA2049415D00D499B2 /* ListTableViewCell.swift in Sources */,
				AB405DAB2044AD4800B389B3 /* AddEventVC.swift in Sources */,
				AB405DAF20477D1E00B389B3 /* EventModel.swift in Sources */,
				AB6CD41820340A12002FF0C0 /* AlertController.swift in Sources */,
				AB6CD41720340A12002FF0C0 /* SignUpVC.swift in Sources */,
				AB6CD41420340A12002FF0C0 /* User.swift in Sources */,
				AB405D9F2042A5A300B389B3 /* EventsVC.swift in Sources */,
				ABE720012054C9AC00C23F58 /* TrainingVC.swift in Sources */,
			);
			runOnlyForDeploymentPostprocessing = 0;
		};
/* End PBXSourcesBuildPhase section */

/* Begin PBXVariantGroup section */
		AB597A0B202BAE3C00E3FE2E /* Main.storyboard */ = {
			isa = PBXVariantGroup;
			children = (
				AB597A0C202BAE3C00E3FE2E /* Base */,
			);
			name = Main.storyboard;
			sourceTree = "<group>";
		};
		AB597A10202BAE3C00E3FE2E /* LaunchScreen.storyboard */ = {
			isa = PBXVariantGroup;
			children = (
				AB597A11202BAE3C00E3FE2E /* Base */,
			);
			name = LaunchScreen.storyboard;
			sourceTree = "<group>";
		};
/* End PBXVariantGroup section */

/* Begin XCBuildConfiguration section */
		AB597A14202BAE3C00E3FE2E /* Debug */ = {
			isa = XCBuildConfiguration;
			buildSettings = {
				ALWAYS_SEARCH_USER_PATHS = NO;
				CLANG_ANALYZER_NONNULL = YES;
				CLANG_ANALYZER_NUMBER_OBJECT_CONVERSION = YES_AGGRESSIVE;
				CLANG_CXX_LANGUAGE_STANDARD = "gnu++14";
				CLANG_CXX_LIBRARY = "libc++";
				CLANG_ENABLE_MODULES = YES;
				CLANG_ENABLE_OBJC_ARC = YES;
				CLANG_WARN_BLOCK_CAPTURE_AUTORELEASING = YES;
				CLANG_WARN_BOOL_CONVERSION = YES;
				CLANG_WARN_COMMA = YES;
				CLANG_WARN_CONSTANT_CONVERSION = YES;
				CLANG_WARN_DIRECT_OBJC_ISA_USAGE = YES_ERROR;
				CLANG_WARN_DOCUMENTATION_COMMENTS = YES;
				CLANG_WARN_EMPTY_BODY = YES;
				CLANG_WARN_ENUM_CONVERSION = YES;
				CLANG_WARN_INFINITE_RECURSION = YES;
				CLANG_WARN_INT_CONVERSION = YES;
				CLANG_WARN_NON_LITERAL_NULL_CONVERSION = YES;
				CLANG_WARN_OBJC_LITERAL_CONVERSION = YES;
				CLANG_WARN_OBJC_ROOT_CLASS = YES_ERROR;
				CLANG_WARN_RANGE_LOOP_ANALYSIS = YES;
				CLANG_WARN_STRICT_PROTOTYPES = YES;
				CLANG_WARN_SUSPICIOUS_MOVE = YES;
				CLANG_WARN_UNGUARDED_AVAILABILITY = YES_AGGRESSIVE;
				CLANG_WARN_UNREACHABLE_CODE = YES;
				CLANG_WARN__DUPLICATE_METHOD_MATCH = YES;
				CODE_SIGN_IDENTITY = "iPhone Developer";
				COPY_PHASE_STRIP = NO;
				DEBUG_INFORMATION_FORMAT = dwarf;
				ENABLE_STRICT_OBJC_MSGSEND = YES;
				ENABLE_TESTABILITY = YES;
				GCC_C_LANGUAGE_STANDARD = gnu11;
				GCC_DYNAMIC_NO_PIC = NO;
				GCC_NO_COMMON_BLOCKS = YES;
				GCC_OPTIMIZATION_LEVEL = 0;
				GCC_PREPROCESSOR_DEFINITIONS = (
					"DEBUG=1",
					"$(inherited)",
				);
				GCC_WARN_64_TO_32_BIT_CONVERSION = YES;
				GCC_WARN_ABOUT_RETURN_TYPE = YES_ERROR;
				GCC_WARN_UNDECLARED_SELECTOR = YES;
				GCC_WARN_UNINITIALIZED_AUTOS = YES_AGGRESSIVE;
				GCC_WARN_UNUSED_FUNCTION = YES;
				GCC_WARN_UNUSED_VARIABLE = YES;
				IPHONEOS_DEPLOYMENT_TARGET = 11.2;
				MTL_ENABLE_DEBUG_INFO = YES;
				ONLY_ACTIVE_ARCH = YES;
				SDKROOT = iphoneos;
				SWIFT_ACTIVE_COMPILATION_CONDITIONS = DEBUG;
				SWIFT_OPTIMIZATION_LEVEL = "-Onone";
			};
			name = Debug;
		};
		AB597A15202BAE3C00E3FE2E /* Release */ = {
			isa = XCBuildConfiguration;
			buildSettings = {
				ALWAYS_SEARCH_USER_PATHS = NO;
				CLANG_ANALYZER_NONNULL = YES;
				CLANG_ANALYZER_NUMBER_OBJECT_CONVERSION = YES_AGGRESSIVE;
				CLANG_CXX_LANGUAGE_STANDARD = "gnu++14";
				CLANG_CXX_LIBRARY = "libc++";
				CLANG_ENABLE_MODULES = YES;
				CLANG_ENABLE_OBJC_ARC = YES;
				CLANG_WARN_BLOCK_CAPTURE_AUTORELEASING = YES;
				CLANG_WARN_BOOL_CONVERSION = YES;
				CLANG_WARN_COMMA = YES;
				CLANG_WARN_CONSTANT_CONVERSION = YES;
				CLANG_WARN_DIRECT_OBJC_ISA_USAGE = YES_ERROR;
				CLANG_WARN_DOCUMENTATION_COMMENTS = YES;
				CLANG_WARN_EMPTY_BODY = YES;
				CLANG_WARN_ENUM_CONVERSION = YES;
				CLANG_WARN_INFINITE_RECURSION = YES;
				CLANG_WARN_INT_CONVERSION = YES;
				CLANG_WARN_NON_LITERAL_NULL_CONVERSION = YES;
				CLANG_WARN_OBJC_LITERAL_CONVERSION = YES;
				CLANG_WARN_OBJC_ROOT_CLASS = YES_ERROR;
				CLANG_WARN_RANGE_LOOP_ANALYSIS = YES;
				CLANG_WARN_STRICT_PROTOTYPES = YES;
				CLANG_WARN_SUSPICIOUS_MOVE = YES;
				CLANG_WARN_UNGUARDED_AVAILABILITY = YES_AGGRESSIVE;
				CLANG_WARN_UNREACHABLE_CODE = YES;
				CLANG_WARN__DUPLICATE_METHOD_MATCH = YES;
				CODE_SIGN_IDENTITY = "iPhone Developer";
				COPY_PHASE_STRIP = NO;
				DEBUG_INFORMATION_FORMAT = "dwarf-with-dsym";
				ENABLE_NS_ASSERTIONS = NO;
				ENABLE_STRICT_OBJC_MSGSEND = YES;
				GCC_C_LANGUAGE_STANDARD = gnu11;
				GCC_NO_COMMON_BLOCKS = YES;
				GCC_WARN_64_TO_32_BIT_CONVERSION = YES;
				GCC_WARN_ABOUT_RETURN_TYPE = YES_ERROR;
				GCC_WARN_UNDECLARED_SELECTOR = YES;
				GCC_WARN_UNINITIALIZED_AUTOS = YES_AGGRESSIVE;
				GCC_WARN_UNUSED_FUNCTION = YES;
				GCC_WARN_UNUSED_VARIABLE = YES;
				IPHONEOS_DEPLOYMENT_TARGET = 11.2;
				MTL_ENABLE_DEBUG_INFO = NO;
				SDKROOT = iphoneos;
				SWIFT_OPTIMIZATION_LEVEL = "-Owholemodule";
				VALIDATE_PRODUCT = YES;
			};
			name = Release;
		};
		AB597A17202BAE3C00E3FE2E /* Debug */ = {
			isa = XCBuildConfiguration;
			baseConfigurationReference = ABD5F36224C462EE06D6C18E /* Pods-careDirect.debug.xcconfig */;
			buildSettings = {
				ASSETCATALOG_COMPILER_APPICON_NAME = AppIcon;
				CODE_SIGN_STYLE = Automatic;
				DEVELOPMENT_TEAM = 7V5ZNUPBVK;
				INFOPLIST_FILE = careDirect/Info.plist;
				LD_RUNPATH_SEARCH_PATHS = "$(inherited) @executable_path/Frameworks";
				PRODUCT_BUNDLE_IDENTIFIER = com.daisy.careDirect;
				PRODUCT_NAME = "$(TARGET_NAME)";
				SWIFT_VERSION = 4.0;
				TARGETED_DEVICE_FAMILY = "1,2";
			};
			name = Debug;
		};
		AB597A18202BAE3C00E3FE2E /* Release */ = {
			isa = XCBuildConfiguration;
			baseConfigurationReference = 7F3573DAC6418FE182944D36 /* Pods-careDirect.release.xcconfig */;
			buildSettings = {
				ASSETCATALOG_COMPILER_APPICON_NAME = AppIcon;
				CODE_SIGN_STYLE = Automatic;
				DEVELOPMENT_TEAM = 7V5ZNUPBVK;
				INFOPLIST_FILE = careDirect/Info.plist;
				LD_RUNPATH_SEARCH_PATHS = "$(inherited) @executable_path/Frameworks";
				PRODUCT_BUNDLE_IDENTIFIER = com.daisy.careDirect;
				PRODUCT_NAME = "$(TARGET_NAME)";
				SWIFT_VERSION = 4.0;
				TARGETED_DEVICE_FAMILY = "1,2";
			};
			name = Release;
		};
/* End XCBuildConfiguration section */

/* Begin XCConfigurationList section */
		AB5979FF202BAE3B00E3FE2E /* Build configuration list for PBXProject "careDirect" */ = {
			isa = XCConfigurationList;
			buildConfigurations = (
				AB597A14202BAE3C00E3FE2E /* Debug */,
				AB597A15202BAE3C00E3FE2E /* Release */,
			);
			defaultConfigurationIsVisible = 0;
			defaultConfigurationName = Release;
		};
		AB597A16202BAE3C00E3FE2E /* Build configuration list for PBXNativeTarget "careDirect" */ = {
			isa = XCConfigurationList;
			buildConfigurations = (
				AB597A17202BAE3C00E3FE2E /* Debug */,
				AB597A18202BAE3C00E3FE2E /* Release */,
			);
			defaultConfigurationIsVisible = 0;
			defaultConfigurationName = Release;
		};
/* End XCConfigurationList section */
	};
	rootObject = AB5979FC202BAE3B00E3FE2E /* Project object */;
}
